// !$*UTF8*$!
{
	archiveVersion = 1;
	classes = {
	};
	objectVersion = 46;
	objects = {

/* Begin PBXBuildFile section */
		216120C91A466C2100C7C139 /* AppDelegate.swift in Sources */ = {isa = PBXBuildFile; fileRef = 216120C81A466C2100C7C139 /* AppDelegate.swift */; };
		216120CB1A466C2100C7C139 /* ViewController.swift in Sources */ = {isa = PBXBuildFile; fileRef = 216120CA1A466C2100C7C139 /* ViewController.swift */; };
		216120CE1A466C2100C7C139 /* Main.storyboard in Resources */ = {isa = PBXBuildFile; fileRef = 216120CC1A466C2100C7C139 /* Main.storyboard */; };
		216120D01A466C2100C7C139 /* Images.xcassets in Resources */ = {isa = PBXBuildFile; fileRef = 216120CF1A466C2100C7C139 /* Images.xcassets */; };
		216120D31A466C2100C7C139 /* LaunchScreen.xib in Resources */ = {isa = PBXBuildFile; fileRef = 216120D11A466C2100C7C139 /* LaunchScreen.xib */; };
		216120DF1A466C2100C7C139 /* CollectionViewTests.swift in Sources */ = {isa = PBXBuildFile; fileRef = 216120DE1A466C2100C7C139 /* CollectionViewTests.swift */; };
/* End PBXBuildFile section */

/* Begin PBXContainerItemProxy section */
		216120D91A466C2100C7C139 /* PBXContainerItemProxy */ = {
			isa = PBXContainerItemProxy;
			containerPortal = 216120BB1A466C2100C7C139 /* Project object */;
			proxyType = 1;
			remoteGlobalIDString = 216120C21A466C2100C7C139;
			remoteInfo = CollectionView;
		};
/* End PBXContainerItemProxy section */

/* Begin PBXFileReference section */
		216120C31A466C2100C7C139 /* CollectionView.app */ = {isa = PBXFileReference; explicitFileType = wrapper.application; includeInIndex = 0; path = CollectionView.app; sourceTree = BUILT_PRODUCTS_DIR; };
		216120C71A466C2100C7C139 /* Info.plist */ = {isa = PBXFileReference; lastKnownFileType = text.plist.xml; path = Info.plist; sourceTree = "<group>"; };
		216120C81A466C2100C7C139 /* AppDelegate.swift */ = {isa = PBXFileReference; lastKnownFileType = sourcecode.swift; path = AppDelegate.swift; sourceTree = "<group>"; };
		216120CA1A466C2100C7C139 /* ViewController.swift */ = {isa = PBXFileReference; lastKnownFileType = sourcecode.swift; path = ViewController.swift; sourceTree = "<group>"; };
		216120CD1A466C2100C7C139 /* Base */ = {isa = PBXFileReference; lastKnownFileType = file.storyboard; name = Base; path = Base.lproj/Main.storyboard; sourceTree = "<group>"; };
		216120CF1A466C2100C7C139 /* Images.xcassets */ = {isa = PBXFileReference; lastKnownFileType = folder.assetcatalog; path = Images.xcassets; sourceTree = "<group>"; };
		216120D21A466C2100C7C139 /* Base */ = {isa = PBXFileReference; lastKnownFileType = file.xib; name = Base; path = Base.lproj/LaunchScreen.xib; sourceTree = "<group>"; };
		216120D81A466C2100C7C139 /* CollectionViewTests.xctest */ = {isa = PBXFileReference; explicitFileType = wrapper.cfbundle; includeInIndex = 0; path = CollectionViewTests.xctest; sourceTree = BUILT_PRODUCTS_DIR; };
		216120DD1A466C2100C7C139 /* Info.plist */ = {isa = PBXFileReference; lastKnownFileType = text.plist.xml; path = Info.plist; sourceTree = "<group>"; };
		216120DE1A466C2100C7C139 /* CollectionViewTests.swift */ = {isa = PBXFileReference; lastKnownFileType = sourcecode.swift; path = CollectionViewTests.swift; sourceTree = "<group>"; };
/* End PBXFileReference section */

/* Begin PBXFrameworksBuildPhase section */
		216120C01A466C2100C7C139 /* Frameworks */ = {
			isa = PBXFrameworksBuildPhase;
			buildActionMask = 2147483647;
			files = (
			);
			runOnlyForDeploymentPostprocessing = 0;
		};
		216120D51A466C2100C7C139 /* Frameworks */ = {
			isa = PBXFrameworksBuildPhase;
			buildActionMask = 2147483647;
			files = (
			);
			runOnlyForDeploymentPostprocessing = 0;
		};
/* End PBXFrameworksBuildPhase section */

/* Begin PBXGroup section */
		216120BA1A466C2100C7C139 = {
			isa = PBXGroup;
			children = (
				216120C51A466C2100C7C139 /* CollectionView */,
				216120DB1A466C2100C7C139 /* CollectionViewTests */,
				216120C41A466C2100C7C139 /* Products */,
			);
			sourceTree = "<group>";
		};
		216120C41A466C2100C7C139 /* Products */ = {
			isa = PBXGroup;
			children = (
				216120C31A466C2100C7C139 /* CollectionView.app */,
				216120D81A466C2100C7C139 /* CollectionViewTests.xctest */,
			);
			name = Products;
			sourceTree = "<group>";
		};
		216120C51A466C2100C7C139 /* CollectionView */ = {
			isa = PBXGroup;
			children = (
				216120C81A466C2100C7C139 /* AppDelegate.swift */,
				216120CA1A466C2100C7C139 /* ViewController.swift */,
				216120CC1A466C2100C7C139 /* Main.storyboard */,
				216120CF1A466C2100C7C139 /* Images.xcassets */,
				216120D11A466C2100C7C139 /* LaunchScreen.xib */,
				216120C61A466C2100C7C139 /* Supporting Files */,
			);
			path = CollectionView;
			sourceTree = "<group>";
		};
		216120C61A466C2100C7C139 /* Supporting Files */ = {
			isa = PBXGroup;
			children = (
				216120C71A466C2100C7C139 /* Info.plist */,
			);
			name = "Supporting Files";
			sourceTree = "<group>";
		};
		216120DB1A466C2100C7C139 /* CollectionViewTests */ = {
			isa = PBXGroup;
			children = (
				216120DE1A466C2100C7C139 /* CollectionViewTests.swift */,
				216120DC1A466C2100C7C139 /* Supporting Files */,
			);
			path = CollectionViewTests;
			sourceTree = "<group>";
		};
		216120DC1A466C2100C7C139 /* Supporting Files */ = {
			isa = PBXGroup;
			children = (
				216120DD1A466C2100C7C139 /* Info.plist */,
			);
			name = "Supporting Files";
			sourceTree = "<group>";
		};
/* End PBXGroup section */

/* Begin PBXNativeTarget section */
		216120C21A466C2100C7C139 /* CollectionView */ = {
			isa = PBXNativeTarget;
			buildConfigurationList = 216120E21A466C2100C7C139 /* Build configuration list for PBXNativeTarget "CollectionView" */;
			buildPhases = (
				216120BF1A466C2100C7C139 /* Sources */,
				216120C01A466C2100C7C139 /* Frameworks */,
				216120C11A466C2100C7C139 /* Resources */,
			);
			buildRules = (
			);
			dependencies = (
			);
			name = CollectionView;
			productName = CollectionView;
			productReference = 216120C31A466C2100C7C139 /* CollectionView.app */;
			productType = "com.apple.product-type.application";
		};
		216120D71A466C2100C7C139 /* CollectionViewTests */ = {
			isa = PBXNativeTarget;
			buildConfigurationList = 216120E51A466C2100C7C139 /* Build configuration list for PBXNativeTarget "CollectionViewTests" */;
			buildPhases = (
				216120D41A466C2100C7C139 /* Sources */,
				216120D51A466C2100C7C139 /* Frameworks */,
				216120D61A466C2100C7C139 /* Resources */,
			);
			buildRules = (
			);
			dependencies = (
				216120DA1A466C2100C7C139 /* PBXTargetDependency */,
			);
			name = CollectionViewTests;
			productName = CollectionViewTests;
			productReference = 216120D81A466C2100C7C139 /* CollectionViewTests.xctest */;
			productType = "com.apple.product-type.bundle.unit-test";
		};
/* End PBXNativeTarget section */

/* Begin PBXProject section */
		216120BB1A466C2100C7C139 /* Project object */ = {
			isa = PBXProject;
			attributes = {
				LastUpgradeCheck = 0600;
				ORGANIZATIONNAME = TakanoriMatsumoto;
				TargetAttributes = {
					216120C21A466C2100C7C139 = {
						CreatedOnToolsVersion = 6.0.1;
					};
					216120D71A466C2100C7C139 = {
						CreatedOnToolsVersion = 6.0.1;
						TestTargetID = 216120C21A466C2100C7C139;
					};
				};
			};
			buildConfigurationList = 216120BE1A466C2100C7C139 /* Build configuration list for PBXProject "CollectionView" */;
			compatibilityVersion = "Xcode 3.2";
			developmentRegion = English;
			hasScannedForEncodings = 0;
			knownRegions = (
				en,
				Base,
			);
			mainGroup = 216120BA1A466C2100C7C139;
			productRefGroup = 216120C41A466C2100C7C139 /* Products */;
			projectDirPath = "";
			projectRoot = "";
			targets = (
				216120C21A466C2100C7C139 /* CollectionView */,
				216120D71A466C2100C7C139 /* CollectionViewTests */,
			);
		};
/* End PBXProject section */

/* Begin PBXResourcesBuildPhase section */
		216120C11A466C2100C7C139 /* Resources */ = {
			isa = PBXResourcesBuildPhase;
			buildActionMask = 2147483647;
			files = (
				216120CE1A466C2100C7C139 /* Main.storyboard in Resources */,
				216120D31A466C2100C7C139 /* LaunchScreen.xib in Resources */,
				216120D01A466C2100C7C139 /* Images.xcassets in Resources */,
			);
			runOnlyForDeploymentPostprocessing = 0;
		};
		216120D61A466C2100C7C139 /* Resources */ = {
			isa = PBXResourcesBuildPhase;
			buildActionMask = 2147483647;
			files = (
			);
			runOnlyForDeploymentPostprocessing = 0;
		};
/* End PBXResourcesBuildPhase section */

/* Begin PBXSourcesBuildPhase section */
		216120BF1A466C2100C7C139 /* Sources */ = {
			isa = PBXSourcesBuildPhase;
			buildActionMask = 2147483647;
			files = (
				216120CB1A466C2100C7C139 /* ViewController.swift in Sources */,
				216120C91A466C2100C7C139 /* AppDelegate.swift in Sources */,
			);
			runOnlyForDeploymentPostprocessing = 0;
		};
		216120D41A466C2100C7C139 /* Sources */ = {
			isa = PBXSourcesBuildPhase;
			buildActionMask = 2147483647;
			files = (
				216120DF1A466C2100C7C139 /* CollectionViewTests.swift in Sources */,
			);
			runOnlyForDeploymentPostprocessing = 0;
		};
/* End PBXSourcesBuildPhase section */

/* Begin PBXTargetDependency section */
		216120DA1A466C2100C7C139 /* PBXTargetDependency */ = {
			isa = PBXTargetDependency;
			target = 216120C21A466C2100C7C139 /* CollectionView */;
			targetProxy = 216120D91A466C2100C7C139 /* PBXContainerItemProxy */;
		};
/* End PBXTargetDependency section */

/* Begin PBXVariantGroup section */
		216120CC1A466C2100C7C139 /* Main.storyboard */ = {
			isa = PBXVariantGroup;
			children = (
				216120CD1A466C2100C7C139 /* Base */,
			);
			name = Main.storyboard;
			sourceTree = "<group>";
		};
		216120D11A466C2100C7C139 /* LaunchScreen.xib */ = {
			isa = PBXVariantGroup;
			children = (
				216120D21A466C2100C7C139 /* Base */,
			);
			name = LaunchScreen.xib;
			sourceTree = "<group>";
		};
/* End PBXVariantGroup section */

/* Begin XCBuildConfiguration section */
		216120E01A466C2100C7C139 /* Debug */ = {
			isa = XCBuildConfiguration;
			buildSettings = {
				ALWAYS_SEARCH_USER_PATHS = NO;
				CLANG_CXX_LANGUAGE_STANDARD = "gnu++0x";
				CLANG_CXX_LIBRARY = "libc++";
				CLANG_ENABLE_MODULES = YES;
				CLANG_ENABLE_OBJC_ARC = YES;
				CLANG_WARN_BOOL_CONVERSION = YES;
				CLANG_WARN_CONSTANT_CONVERSION = YES;
				CLANG_WARN_DIRECT_OBJC_ISA_USAGE = YES_ERROR;
				CLANG_WARN_EMPTY_BODY = YES;
				CLANG_WARN_ENUM_CONVERSION = YES;
				CLANG_WARN_INT_CONVERSION = YES;
				CLANG_WARN_OBJC_ROOT_CLASS = YES_ERROR;
				CLANG_WARN_UNREACHABLE_CODE = YES;
				CLANG_WARN__DUPLICATE_METHOD_MATCH = YES;
				"CODE_SIGN_IDENTITY[sdk=iphoneos*]" = "iPhone Developer";
				COPY_PHASE_STRIP = NO;
				ENABLE_STRICT_OBJC_MSGSEND = YES;
				GCC_C_LANGUAGE_STANDARD = gnu99;
				GCC_DYNAMIC_NO_PIC = NO;
				GCC_OPTIMIZATION_LEVEL = 0;
				GCC_PREPROCESSOR_DEFINITIONS = (
					"DEBUG=1",
					"$(inherited)",
				);
				GCC_SYMBOLS_PRIVATE_EXTERN = NO;
				GCC_WARN_64_TO_32_BIT_CONVERSION = YES;
				GCC_WARN_ABOUT_RETURN_TYPE = YES_ERROR;
				GCC_WARN_UNDECLARED_SELECTOR = YES;
				GCC_WARN_UNINITIALIZED_AUTOS = YES_AGGRESSIVE;
				GCC_WARN_UNUSED_FUNCTION = YES;
				GCC_WARN_UNUSED_VARIABLE = YES;
				IPHONEOS_DEPLOYMENT_TARGET = 8.0;
				MTL_ENABLE_DEBUG_INFO = YES;
				ONLY_ACTIVE_ARCH = YES;
				SDKROOT = iphoneos;
				SWIFT_OPTIMIZATION_LEVEL = "-Onone";
			};
			name = Debug;
		};
		216120E11A466C2100C7C139 /* Release */ = {
			isa = XCBuildConfiguration;
			buildSettings = {
				ALWAYS_SEARCH_USER_PATHS = NO;
				CLANG_CXX_LANGUAGE_STANDARD = "gnu++0x";
				CLANG_CXX_LIBRARY = "libc++";
				CLANG_ENABLE_MODULES = YES;
				CLANG_ENABLE_OBJC_ARC = YES;
				CLANG_WARN_BOOL_CONVERSION = YES;
				CLANG_WARN_CONSTANT_CONVERSION = YES;
				CLANG_WARN_DIRECT_OBJC_ISA_USAGE = YES_ERROR;
				CLANG_WARN_EMPTY_BODY = YES;
				CLANG_WARN_ENUM_CONVERSION = YES;
				CLANG_WARN_INT_CONVERSION = YES;
				CLANG_WARN_OBJC_ROOT_CLASS = YES_ERROR;
				CLANG_WARN_UNREACHABLE_CODE = YES;
				CLANG_WARN__DUPLICATE_METHOD_MATCH = YES;
				"CODE_SIGN_IDENTITY[sdk=iphoneos*]" = "iPhone Developer";
				COPY_PHASE_STRIP = YES;
				ENABLE_NS_ASSERTIONS = NO;
				ENABLE_STRICT_OBJC_MSGSEND = YES;
				GCC_C_LANGUAGE_STANDARD = gnu99;
				GCC_WARN_64_TO_32_BIT_CONVERSION = YES;
				GCC_WARN_ABOUT_RETURN_TYPE = YES_ERROR;
				GCC_WARN_UNDECLARED_SELECTOR = YES;
				GCC_WARN_UNINITIALIZED_AUTOS = YES_AGGRESSIVE;
				GCC_WARN_UNUSED_FUNCTION = YES;
				GCC_WARN_UNUSED_VARIABLE = YES;
				IPHONEOS_DEPLOYMENT_TARGET = 8.0;
				MTL_ENABLE_DEBUG_INFO = NO;
				SDKROOT = iphoneos;
				VALIDATE_PRODUCT = YES;
			};
			name = Release;
		};
		216120E31A466C2100C7C139 /* Debug */ = {
			isa = XCBuildConfiguration;
			buildSettings = {
				ASSETCATALOG_COMPILER_APPICON_NAME = AppIcon;
				INFOPLIST_FILE = CollectionView/Info.plist;
				LD_RUNPATH_SEARCH_PATHS = "$(inherited) @executable_path/Frameworks";
				PRODUCT_NAME = "$(TARGET_NAME)";
			};
			name = Debug;
		};
		216120E41A466C2100C7C139 /* Release */ = {
			isa = XCBuildConfiguration;
			buildSettings = {
				ASSETCATALOG_COMPILER_APPICON_NAME = AppIcon;
				INFOPLIST_FILE = CollectionView/Info.plist;
				LD_RUNPATH_SEARCH_PATHS = "$(inherited) @executable_path/Frameworks";
				PRODUCT_NAME = "$(TARGET_NAME)";
			};
			name = Release;
		};
		216120E61A466C2100C7C139 /* Debug */ = {
			isa = XCBuildConfiguration;
			buildSettings = {
				BUNDLE_LOADER = "$(TEST_HOST)";
				FRAMEWORK_SEARCH_PATHS = (
					"$(SDKROOT)/Developer/Library/Frameworks",
					"$(inherited)",
				);
				GCC_PREPROCESSOR_DEFINITIONS = (
					"DEBUG=1",
					"$(inherited)",
				);
				INFOPLIST_FILE = CollectionViewTests/Info.plist;
				LD_RUNPATH_SEARCH_PATHS = "$(inherited) @executable_path/Frameworks @loader_path/Frameworks";
				PRODUCT_NAME = "$(TARGET_NAME)";
				TEST_HOST = "$(BUILT_PRODUCTS_DIR)/CollectionView.app/CollectionView";
			};
			name = Debug;
		};
		216120E71A466C2100C7C139 /* Release */ = {
			isa = XCBuildConfiguration;
			buildSettings = {
				BUNDLE_LOADER = "$(TEST_HOST)";
				FRAMEWORK_SEARCH_PATHS = (
					"$(SDKROOT)/Developer/Library/Frameworks",
					"$(inherited)",
				);
				INFOPLIST_FILE = CollectionViewTests/Info.plist;
				LD_RUNPATH_SEARCH_PATHS = "$(inherited) @executable_path/Frameworks @loader_path/Frameworks";
				PRODUCT_NAME = "$(TARGET_NAME)";
				TEST_HOST = "$(BUILT_PRODUCTS_DIR)/CollectionView.app/CollectionView";
			};
			name = Release;
		};
/* End XCBuildConfiguration section */

/* Begin XCConfigurationList section */
		216120BE1A466C2100C7C139 /* Build configuration list for PBXProject "CollectionView" */ = {
			isa = XCConfigurationList;
			buildConfigurations = (
				216120E01A466C2100C7C139 /* Debug */,
				216120E11A466C2100C7C139 /* Release */,
			);
			defaultConfigurationIsVisible = 0;
			defaultConfigurationName = Release;
		};
		216120E21A466C2100C7C139 /* Build configuration list for PBXNativeTarget "CollectionView" */ = {
			isa = XCConfigurationList;
			buildConfigurations = (
				216120E31A466C2100C7C139 /* Debug */,
				216120E41A466C2100C7C139 /* Release */,
			);
			defaultConfigurationIsVisible = 0;
		};
		216120E51A466C2100C7C139 /* Build configuration list for PBXNativeTarget "CollectionViewTests" */ = {
			isa = XCConfigurationList;
			buildConfigurations = (
				216120E61A466C2100C7C139 /* Debug */,
				216120E71A466C2100C7C139 /* Release */,
			);
			defaultConfigurationIsVisible = 0;
		};
/* End XCConfigurationList section */
	};
	rootObject = 216120BB1A466C2100C7C139 /* Project object */;
}
